
Microsoft Visual Studio Solution File, Format Version 12.00
# Visual Studio Version 16
VisualStudioVersion = 25.0.1705.3
MinimumVisualStudioVersion = 10.0.40219.1
Project("{FAE04EC0-301F-11D3-BF4B-00C04F79EFBC}") = "method-exercises", "method-exercises.csproj", "{65143EED-75C5-4FA6-B7D4-4576F55958CD}"
EndProject
Global
	GlobalSection(SolutionConfigurationPlatforms) = preSolution
		Debug|Any CPU = Debug|Any CPU
		Release|Any CPU = Release|Any CPU
	EndGlobalSection
	GlobalSection(ProjectConfigurationPlatforms) = postSolution
		{65143EED-75C5-4FA6-B7D4-4576F55958CD}.Debug|Any CPU.ActiveCfg = Debug|Any CPU
		{65143EED-75C5-4FA6-B7D4-4576F55958CD}.Debug|Any CPU.Build.0 = Debug|Any CPU
		{65143EED-75C5-4FA6-B7D4-4576F55958CD}.Release|Any CPU.ActiveCfg = Release|Any CPU
		{65143EED-75C5-4FA6-B7D4-4576F55958CD}.Release|Any CPU.Build.0 = Release|Any CPU
	EndGlobalSection
	GlobalSection(SolutionProperties) = preSolution
		HideSolutionNode = FALSE
	EndGlobalSection
	GlobalSection(ExtensibilityGlobals) = postSolution
		SolutionGuid = {D86B81F9-A7A9-47F3-9ED8-90F0AEFAA284}
	EndGlobalSection
EndGlobal
